// !$*UTF8*$!
{
	archiveVersion = 1;
	classes = {
	};
	objectVersion = 56;
	objects = {

/* Begin PBXBuildFile section */
		122590AE294AD95600DE470A /* TableViewCell.swift in Sources */ = {isa = PBXBuildFile; fileRef = 122590AD294AD95600DE470A /* TableViewCell.swift */; };
		122590B229500E3000DE470A /* ViewModel.swift in Sources */ = {isa = PBXBuildFile; fileRef = 122590B129500E3000DE470A /* ViewModel.swift */; };
		122590B429500F5100DE470A /* TableVeiwModelType.swift in Sources */ = {isa = PBXBuildFile; fileRef = 122590B329500F5100DE470A /* TableVeiwModelType.swift */; };
		122590B82950140D00DE470A /* TableViewCellModelType.swift in Sources */ = {isa = PBXBuildFile; fileRef = 122590B72950140D00DE470A /* TableViewCellModelType.swift */; };
		122590BA295014DE00DE470A /* TableViewCellViewModel.swift in Sources */ = {isa = PBXBuildFile; fileRef = 122590B9295014DE00DE470A /* TableViewCellViewModel.swift */; };
		122590BC29501B1600DE470A /* DetailViewController.swift in Sources */ = {isa = PBXBuildFile; fileRef = 122590BB29501B1600DE470A /* DetailViewController.swift */; };
		122590BE29501BD100DE470A /* DeatilViewModelType.swift in Sources */ = {isa = PBXBuildFile; fileRef = 122590BD29501BD100DE470A /* DeatilViewModelType.swift */; };
		122590C029501C0C00DE470A /* DeatilViewModel.swift in Sources */ = {isa = PBXBuildFile; fileRef = 122590BF29501C0C00DE470A /* DeatilViewModel.swift */; };
		122590C2295021DB00DE470A /* Box.swift in Sources */ = {isa = PBXBuildFile; fileRef = 122590C1295021DB00DE470A /* Box.swift */; };
		12BF8ED4294ACA4F0071AFF6 /* AppDelegate.swift in Sources */ = {isa = PBXBuildFile; fileRef = 12BF8ED3294ACA4F0071AFF6 /* AppDelegate.swift */; };
		12BF8ED6294ACA4F0071AFF6 /* SceneDelegate.swift in Sources */ = {isa = PBXBuildFile; fileRef = 12BF8ED5294ACA4F0071AFF6 /* SceneDelegate.swift */; };
		12BF8EDB294ACA4F0071AFF6 /* Main.storyboard in Resources */ = {isa = PBXBuildFile; fileRef = 12BF8ED9294ACA4F0071AFF6 /* Main.storyboard */; };
		12BF8EDD294ACA520071AFF6 /* Assets.xcassets in Resources */ = {isa = PBXBuildFile; fileRef = 12BF8EDC294ACA520071AFF6 /* Assets.xcassets */; };
		12BF8EE0294ACA520071AFF6 /* LaunchScreen.storyboard in Resources */ = {isa = PBXBuildFile; fileRef = 12BF8EDE294ACA520071AFF6 /* LaunchScreen.storyboard */; };
		12BF8EEA294ACB6F0071AFF6 /* TableViewController.swift in Sources */ = {isa = PBXBuildFile; fileRef = 12BF8EE9294ACB6F0071AFF6 /* TableViewController.swift */; };
		12BF8EEC294ACBE40071AFF6 /* Profile.swift in Sources */ = {isa = PBXBuildFile; fileRef = 12BF8EEB294ACBE40071AFF6 /* Profile.swift */; };
/* End PBXBuildFile section */

/* Begin PBXFileReference section */
		122590AD294AD95600DE470A /* TableViewCell.swift */ = {isa = PBXFileReference; lastKnownFileType = sourcecode.swift; path = TableViewCell.swift; sourceTree = "<group>"; };
		122590B129500E3000DE470A /* ViewModel.swift */ = {isa = PBXFileReference; lastKnownFileType = sourcecode.swift; path = ViewModel.swift; sourceTree = "<group>"; };
		122590B329500F5100DE470A /* TableVeiwModelType.swift */ = {isa = PBXFileReference; lastKnownFileType = sourcecode.swift; path = TableVeiwModelType.swift; sourceTree = "<group>"; };
		122590B72950140D00DE470A /* TableViewCellModelType.swift */ = {isa = PBXFileReference; lastKnownFileType = sourcecode.swift; path = TableViewCellModelType.swift; sourceTree = "<group>"; };
		122590B9295014DE00DE470A /* TableViewCellViewModel.swift */ = {isa = PBXFileReference; lastKnownFileType = sourcecode.swift; path = TableViewCellViewModel.swift; sourceTree = "<group>"; };
		122590BB29501B1600DE470A /* DetailViewController.swift */ = {isa = PBXFileReference; lastKnownFileType = sourcecode.swift; path = DetailViewController.swift; sourceTree = "<group>"; };
		122590BD29501BD100DE470A /* DeatilViewModelType.swift */ = {isa = PBXFileReference; lastKnownFileType = sourcecode.swift; path = DeatilViewModelType.swift; sourceTree = "<group>"; };
		122590BF29501C0C00DE470A /* DeatilViewModel.swift */ = {isa = PBXFileReference; lastKnownFileType = sourcecode.swift; path = DeatilViewModel.swift; sourceTree = "<group>"; };
		122590C1295021DB00DE470A /* Box.swift */ = {isa = PBXFileReference; lastKnownFileType = sourcecode.swift; path = Box.swift; sourceTree = "<group>"; };
		12BF8ED0294ACA4F0071AFF6 /* MVVM-2.app */ = {isa = PBXFileReference; explicitFileType = wrapper.application; includeInIndex = 0; path = "MVVM-2.app"; sourceTree = BUILT_PRODUCTS_DIR; };
		12BF8ED3294ACA4F0071AFF6 /* AppDelegate.swift */ = {isa = PBXFileReference; lastKnownFileType = sourcecode.swift; path = AppDelegate.swift; sourceTree = "<group>"; };
		12BF8ED5294ACA4F0071AFF6 /* SceneDelegate.swift */ = {isa = PBXFileReference; lastKnownFileType = sourcecode.swift; path = SceneDelegate.swift; sourceTree = "<group>"; };
		12BF8EDA294ACA4F0071AFF6 /* Base */ = {isa = PBXFileReference; lastKnownFileType = file.storyboard; name = Base; path = Base.lproj/Main.storyboard; sourceTree = "<group>"; };
		12BF8EDC294ACA520071AFF6 /* Assets.xcassets */ = {isa = PBXFileReference; lastKnownFileType = folder.assetcatalog; path = Assets.xcassets; sourceTree = "<group>"; };
		12BF8EDF294ACA520071AFF6 /* Base */ = {isa = PBXFileReference; lastKnownFileType = file.storyboard; name = Base; path = Base.lproj/LaunchScreen.storyboard; sourceTree = "<group>"; };
		12BF8EE1294ACA520071AFF6 /* Info.plist */ = {isa = PBXFileReference; lastKnownFileType = text.plist.xml; path = Info.plist; sourceTree = "<group>"; };
		12BF8EE9294ACB6F0071AFF6 /* TableViewController.swift */ = {isa = PBXFileReference; lastKnownFileType = sourcecode.swift; path = TableViewController.swift; sourceTree = "<group>"; };
		12BF8EEB294ACBE40071AFF6 /* Profile.swift */ = {isa = PBXFileReference; lastKnownFileType = sourcecode.swift; path = Profile.swift; sourceTree = "<group>"; };
/* End PBXFileReference section */

/* Begin PBXFrameworksBuildPhase section */
		12BF8ECD294ACA4F0071AFF6 /* Frameworks */ = {
			isa = PBXFrameworksBuildPhase;
			buildActionMask = 2147483647;
			files = (
			);
			runOnlyForDeploymentPostprocessing = 0;
		};
/* End PBXFrameworksBuildPhase section */

/* Begin PBXGroup section */
		122590AF294ADFBE00DE470A /* Model */ = {
			isa = PBXGroup;
			children = (
			);
			path = Model;
			sourceTree = "<group>";
		};
		122590B0294ADFD400DE470A /* View */ = {
			isa = PBXGroup;
			children = (
				12BF8EE9294ACB6F0071AFF6 /* TableViewController.swift */,
				122590AD294AD95600DE470A /* TableViewCell.swift */,
				122590BB29501B1600DE470A /* DetailViewController.swift */,
			);
			path = View;
			sourceTree = "<group>";
		};
		122590B529500FD200DE470A /* ViewModel */ = {
			isa = PBXGroup;
			children = (
				122590B129500E3000DE470A /* ViewModel.swift */,
				122590B9295014DE00DE470A /* TableViewCellViewModel.swift */,
				122590BF29501C0C00DE470A /* DeatilViewModel.swift */,
			);
			path = ViewModel;
			sourceTree = "<group>";
		};
		122590B629500FEA00DE470A /* Protocols */ = {
			isa = PBXGroup;
			children = (
				122590B329500F5100DE470A /* TableVeiwModelType.swift */,
				122590B72950140D00DE470A /* TableViewCellModelType.swift */,
				122590BD29501BD100DE470A /* DeatilViewModelType.swift */,
			);
			path = Protocols;
			sourceTree = "<group>";
		};
		12BF8EC7294ACA4F0071AFF6 = {
			isa = PBXGroup;
			children = (
				12BF8ED2294ACA4F0071AFF6 /* MVVM-2 */,
				12BF8ED1294ACA4F0071AFF6 /* Products */,
			);
			sourceTree = "<group>";
		};
		12BF8ED1294ACA4F0071AFF6 /* Products */ = {
			isa = PBXGroup;
			children = (
				12BF8ED0294ACA4F0071AFF6 /* MVVM-2.app */,
			);
			name = Products;
			sourceTree = "<group>";
		};
		12BF8ED2294ACA4F0071AFF6 /* MVVM-2 */ = {
			isa = PBXGroup;
			children = (
				12BF8ED3294ACA4F0071AFF6 /* AppDelegate.swift */,
				122590C1295021DB00DE470A /* Box.swift */,
				122590B529500FD200DE470A /* ViewModel */,
				122590B629500FEA00DE470A /* Protocols */,
				122590B0294ADFD400DE470A /* View */,
				122590AF294ADFBE00DE470A /* Model */,
				12BF8EEB294ACBE40071AFF6 /* Profile.swift */,
				12BF8ED5294ACA4F0071AFF6 /* SceneDelegate.swift */,
				12BF8ED9294ACA4F0071AFF6 /* Main.storyboard */,
				12BF8EDC294ACA520071AFF6 /* Assets.xcassets */,
				12BF8EDE294ACA520071AFF6 /* LaunchScreen.storyboard */,
				12BF8EE1294ACA520071AFF6 /* Info.plist */,
			);
			path = "MVVM-2";
			sourceTree = "<group>";
		};
/* End PBXGroup section */

/* Begin PBXNativeTarget section */
		12BF8ECF294ACA4F0071AFF6 /* MVVM-2 */ = {
			isa = PBXNativeTarget;
			buildConfigurationList = 12BF8EE4294ACA520071AFF6 /* Build configuration list for PBXNativeTarget "MVVM-2" */;
			buildPhases = (
				12BF8ECC294ACA4F0071AFF6 /* Sources */,
				12BF8ECD294ACA4F0071AFF6 /* Frameworks */,
				12BF8ECE294ACA4F0071AFF6 /* Resources */,
			);
			buildRules = (
			);
			dependencies = (
			);
			name = "MVVM-2";
			productName = "MVVM-2";
			productReference = 12BF8ED0294ACA4F0071AFF6 /* MVVM-2.app */;
			productType = "com.apple.product-type.application";
		};
/* End PBXNativeTarget section */

/* Begin PBXProject section */
		12BF8EC8294ACA4F0071AFF6 /* Project object */ = {
			isa = PBXProject;
			attributes = {
				BuildIndependentTargetsInParallel = 1;
				LastSwiftUpdateCheck = 1410;
				LastUpgradeCheck = 1410;
				TargetAttributes = {
					12BF8ECF294ACA4F0071AFF6 = {
						CreatedOnToolsVersion = 14.1;
					};
				};
			};
			buildConfigurationList = 12BF8ECB294ACA4F0071AFF6 /* Build configuration list for PBXProject "MVVM-2" */;
			compatibilityVersion = "Xcode 14.0";
			developmentRegion = en;
			hasScannedForEncodings = 0;
			knownRegions = (
				en,
				Base,
			);
			mainGroup = 12BF8EC7294ACA4F0071AFF6;
			productRefGroup = 12BF8ED1294ACA4F0071AFF6 /* Products */;
			projectDirPath = "";
			projectRoot = "";
			targets = (
				12BF8ECF294ACA4F0071AFF6 /* MVVM-2 */,
			);
		};
/* End PBXProject section */

/* Begin PBXResourcesBuildPhase section */
		12BF8ECE294ACA4F0071AFF6 /* Resources */ = {
			isa = PBXResourcesBuildPhase;
			buildActionMask = 2147483647;
			files = (
				12BF8EE0294ACA520071AFF6 /* LaunchScreen.storyboard in Resources */,
				12BF8EDD294ACA520071AFF6 /* Assets.xcassets in Resources */,
				12BF8EDB294ACA4F0071AFF6 /* Main.storyboard in Resources */,
			);
			runOnlyForDeploymentPostprocessing = 0;
		};
/* End PBXResourcesBuildPhase section */

/* Begin PBXSourcesBuildPhase section */
		12BF8ECC294ACA4F0071AFF6 /* Sources */ = {
			isa = PBXSourcesBuildPhase;
			buildActionMask = 2147483647;
			files = (
				122590AE294AD95600DE470A /* TableViewCell.swift in Sources */,
				12BF8ED4294ACA4F0071AFF6 /* AppDelegate.swift in Sources */,
				12BF8EEC294ACBE40071AFF6 /* Profile.swift in Sources */,
				12BF8EEA294ACB6F0071AFF6 /* TableViewController.swift in Sources */,
				122590B229500E3000DE470A /* ViewModel.swift in Sources */,
				122590B82950140D00DE470A /* TableViewCellModelType.swift in Sources */,
				122590C2295021DB00DE470A /* Box.swift in Sources */,
				122590BA295014DE00DE470A /* TableViewCellViewModel.swift in Sources */,
				122590BC29501B1600DE470A /* DetailViewController.swift in Sources */,
				12BF8ED6294ACA4F0071AFF6 /* SceneDelegate.swift in Sources */,
				122590B429500F5100DE470A /* TableVeiwModelType.swift in Sources */,
				122590BE29501BD100DE470A /* DeatilViewModelType.swift in Sources */,
				122590C029501C0C00DE470A /* DeatilViewModel.swift in Sources */,
			);
			runOnlyForDeploymentPostprocessing = 0;
		};
/* End PBXSourcesBuildPhase section */

/* Begin PBXVariantGroup section */
		12BF8ED9294ACA4F0071AFF6 /* Main.storyboard */ = {
			isa = PBXVariantGroup;
			children = (
				12BF8EDA294ACA4F0071AFF6 /* Base */,
			);
			name = Main.storyboard;
			sourceTree = "<group>";
		};
		12BF8EDE294ACA520071AFF6 /* LaunchScreen.storyboard */ = {
			isa = PBXVariantGroup;
			children = (
				12BF8EDF294ACA520071AFF6 /* Base */,
			);
			name = LaunchScreen.storyboard;
			sourceTree = "<group>";
		};
/* End PBXVariantGroup section */

/* Begin XCBuildConfiguration section */
		12BF8EE2294ACA520071AFF6 /* Debug */ = {
			isa = XCBuildConfiguration;
			buildSettings = {
				ALWAYS_SEARCH_USER_PATHS = NO;
				CLANG_ANALYZER_NONNULL = YES;
				CLANG_ANALYZER_NUMBER_OBJECT_CONVERSION = YES_AGGRESSIVE;
				CLANG_CXX_LANGUAGE_STANDARD = "gnu++20";
				CLANG_ENABLE_MODULES = YES;
				CLANG_ENABLE_OBJC_ARC = YES;
				CLANG_ENABLE_OBJC_WEAK = YES;
				CLANG_WARN_BLOCK_CAPTURE_AUTORELEASING = YES;
				CLANG_WARN_BOOL_CONVERSION = YES;
				CLANG_WARN_COMMA = YES;
				CLANG_WARN_CONSTANT_CONVERSION = YES;
				CLANG_WARN_DEPRECATED_OBJC_IMPLEMENTATIONS = YES;
				CLANG_WARN_DIRECT_OBJC_ISA_USAGE = YES_ERROR;
				CLANG_WARN_DOCUMENTATION_COMMENTS = YES;
				CLANG_WARN_EMPTY_BODY = YES;
				CLANG_WARN_ENUM_CONVERSION = YES;
				CLANG_WARN_INFINITE_RECURSION = YES;
				CLANG_WARN_INT_CONVERSION = YES;
				CLANG_WARN_NON_LITERAL_NULL_CONVERSION = YES;
				CLANG_WARN_OBJC_IMPLICIT_RETAIN_SELF = YES;
				CLANG_WARN_OBJC_LITERAL_CONVERSION = YES;
				CLANG_WARN_OBJC_ROOT_CLASS = YES_ERROR;
				CLANG_WARN_QUOTED_INCLUDE_IN_FRAMEWORK_HEADER = YES;
				CLANG_WARN_RANGE_LOOP_ANALYSIS = YES;
				CLANG_WARN_STRICT_PROTOTYPES = YES;
				CLANG_WARN_SUSPICIOUS_MOVE = YES;
				CLANG_WARN_UNGUARDED_AVAILABILITY = YES_AGGRESSIVE;
				CLANG_WARN_UNREACHABLE_CODE = YES;
				CLANG_WARN__DUPLICATE_METHOD_MATCH = YES;
				COPY_PHASE_STRIP = NO;
				DEBUG_INFORMATION_FORMAT = dwarf;
				ENABLE_STRICT_OBJC_MSGSEND = YES;
				ENABLE_TESTABILITY = YES;
				GCC_C_LANGUAGE_STANDARD = gnu11;
				GCC_DYNAMIC_NO_PIC = NO;
				GCC_NO_COMMON_BLOCKS = YES;
				GCC_OPTIMIZATION_LEVEL = 0;
				GCC_PREPROCESSOR_DEFINITIONS = (
					"DEBUG=1",
					"$(inherited)",
				);
				GCC_WARN_64_TO_32_BIT_CONVERSION = YES;
				GCC_WARN_ABOUT_RETURN_TYPE = YES_ERROR;
				GCC_WARN_UNDECLARED_SELECTOR = YES;
				GCC_WARN_UNINITIALIZED_AUTOS = YES_AGGRESSIVE;
				GCC_WARN_UNUSED_FUNCTION = YES;
				GCC_WARN_UNUSED_VARIABLE = YES;
				IPHONEOS_DEPLOYMENT_TARGET = 16.1;
				MTL_ENABLE_DEBUG_INFO = INCLUDE_SOURCE;
				MTL_FAST_MATH = YES;
				ONLY_ACTIVE_ARCH = YES;
				SDKROOT = iphoneos;
				SWIFT_ACTIVE_COMPILATION_CONDITIONS = DEBUG;
				SWIFT_OPTIMIZATION_LEVEL = "-Onone";
			};
			name = Debug;
		};
		12BF8EE3294ACA520071AFF6 /* Release */ = {
			isa = XCBuildConfiguration;
			buildSettings = {
				ALWAYS_SEARCH_USER_PATHS = NO;
				CLANG_ANALYZER_NONNULL = YES;
				CLANG_ANALYZER_NUMBER_OBJECT_CONVERSION = YES_AGGRESSIVE;
				CLANG_CXX_LANGUAGE_STANDARD = "gnu++20";
				CLANG_ENABLE_MODULES = YES;
				CLANG_ENABLE_OBJC_ARC = YES;
				CLANG_ENABLE_OBJC_WEAK = YES;
				CLANG_WARN_BLOCK_CAPTURE_AUTORELEASING = YES;
				CLANG_WARN_BOOL_CONVERSION = YES;
				CLANG_WARN_COMMA = YES;
				CLANG_WARN_CONSTANT_CONVERSION = YES;
				CLANG_WARN_DEPRECATED_OBJC_IMPLEMENTATIONS = YES;
				CLANG_WARN_DIRECT_OBJC_ISA_USAGE = YES_ERROR;
				CLANG_WARN_DOCUMENTATION_COMMENTS = YES;
				CLANG_WARN_EMPTY_BODY = YES;
				CLANG_WARN_ENUM_CONVERSION = YES;
				CLANG_WARN_INFINITE_RECURSION = YES;
				CLANG_WARN_INT_CONVERSION = YES;
				CLANG_WARN_NON_LITERAL_NULL_CONVERSION = YES;
				CLANG_WARN_OBJC_IMPLICIT_RETAIN_SELF = YES;
				CLANG_WARN_OBJC_LITERAL_CONVERSION = YES;
				CLANG_WARN_OBJC_ROOT_CLASS = YES_ERROR;
				CLANG_WARN_QUOTED_INCLUDE_IN_FRAMEWORK_HEADER = YES;
				CLANG_WARN_RANGE_LOOP_ANALYSIS = YES;
				CLANG_WARN_STRICT_PROTOTYPES = YES;
				CLANG_WARN_SUSPICIOUS_MOVE = YES;
				CLANG_WARN_UNGUARDED_AVAILABILITY = YES_AGGRESSIVE;
				CLANG_WARN_UNREACHABLE_CODE = YES;
				CLANG_WARN__DUPLICATE_METHOD_MATCH = YES;
				COPY_PHASE_STRIP = NO;
				DEBUG_INFORMATION_FORMAT = "dwarf-with-dsym";
				ENABLE_NS_ASSERTIONS = NO;
				ENABLE_STRICT_OBJC_MSGSEND = YES;
				GCC_C_LANGUAGE_STANDARD = gnu11;
				GCC_NO_COMMON_BLOCKS = YES;
				GCC_WARN_64_TO_32_BIT_CONVERSION = YES;
				GCC_WARN_ABOUT_RETURN_TYPE = YES_ERROR;
				GCC_WARN_UNDECLARED_SELECTOR = YES;
				GCC_WARN_UNINITIALIZED_AUTOS = YES_AGGRESSIVE;
				GCC_WARN_UNUSED_FUNCTION = YES;
				GCC_WARN_UNUSED_VARIABLE = YES;
				IPHONEOS_DEPLOYMENT_TARGET = 16.1;
				MTL_ENABLE_DEBUG_INFO = NO;
				MTL_FAST_MATH = YES;
				SDKROOT = iphoneos;
				SWIFT_COMPILATION_MODE = wholemodule;
				SWIFT_OPTIMIZATION_LEVEL = "-O";
				VALIDATE_PRODUCT = YES;
			};
			name = Release;
		};
		12BF8EE5294ACA520071AFF6 /* Debug */ = {
			isa = XCBuildConfiguration;
			buildSettings = {
				ASSETCATALOG_COMPILER_APPICON_NAME = AppIcon;
				ASSETCATALOG_COMPILER_GLOBAL_ACCENT_COLOR_NAME = AccentColor;
				CODE_SIGN_STYLE = Automatic;
				CURRENT_PROJECT_VERSION = 1;
				DEVELOPMENT_TEAM = PV7T26JW8Z;
				GENERATE_INFOPLIST_FILE = YES;
				INFOPLIST_FILE = "MVVM-2/Info.plist";
				INFOPLIST_KEY_UIApplicationSupportsIndirectInputEvents = YES;
				INFOPLIST_KEY_UILaunchStoryboardName = LaunchScreen;
				INFOPLIST_KEY_UIMainStoryboardFile = Main;
				INFOPLIST_KEY_UISupportedInterfaceOrientations_iPad = "UIInterfaceOrientationPortrait UIInterfaceOrientationPortraitUpsideDown UIInterfaceOrientationLandscapeLeft UIInterfaceOrientationLandscapeRight";
				INFOPLIST_KEY_UISupportedInterfaceOrientations_iPhone = "UIInterfaceOrientationPortrait UIInterfaceOrientationLandscapeLeft UIInterfaceOrientationLandscapeRight";
				LD_RUNPATH_SEARCH_PATHS = (
					"$(inherited)",
					"@executable_path/Frameworks",
				);
				MARKETING_VERSION = 1.0;
				PRODUCT_BUNDLE_IDENTIFIER = "main.MVVM-2";
				PRODUCT_NAME = "$(TARGET_NAME)";
				SWIFT_EMIT_LOC_STRINGS = YES;
				SWIFT_VERSION = 5.0;
				TARGETED_DEVICE_FAMILY = "1,2";
			};
			name = Debug;
		};
		12BF8EE6294ACA520071AFF6 /* Release */ = {
			isa = XCBuildConfiguration;
			buildSettings = {
				ASSETCATALOG_COMPILER_APPICON_NAME = AppIcon;
				ASSETCATALOG_COMPILER_GLOBAL_ACCENT_COLOR_NAME = AccentColor;
				CODE_SIGN_STYLE = Automatic;
				CURRENT_PROJECT_VERSION = 1;
				DEVELOPMENT_TEAM = PV7T26JW8Z;
				GENERATE_INFOPLIST_FILE = YES;
				INFOPLIST_FILE = "MVVM-2/Info.plist";
				INFOPLIST_KEY_UIApplicationSupportsIndirectInputEvents = YES;
				INFOPLIST_KEY_UILaunchStoryboardName = LaunchScreen;
				INFOPLIST_KEY_UIMainStoryboardFile = Main;
				INFOPLIST_KEY_UISupportedInterfaceOrientations_iPad = "UIInterfaceOrientationPortrait UIInterfaceOrientationPortraitUpsideDown UIInterfaceOrientationLandscapeLeft UIInterfaceOrientationLandscapeRight";
				INFOPLIST_KEY_UISupportedInterfaceOrientations_iPhone = "UIInterfaceOrientationPortrait UIInterfaceOrientationLandscapeLeft UIInterfaceOrientationLandscapeRight";
				LD_RUNPATH_SEARCH_PATHS = (
					"$(inherited)",
					"@executable_path/Frameworks",
				);
				MARKETING_VERSION = 1.0;
				PRODUCT_BUNDLE_IDENTIFIER = "main.MVVM-2";
				PRODUCT_NAME = "$(TARGET_NAME)";
				SWIFT_EMIT_LOC_STRINGS = YES;
				SWIFT_VERSION = 5.0;
				TARGETED_DEVICE_FAMILY = "1,2";
			};
			name = Release;
		};
/* End XCBuildConfiguration section */

/* Begin XCConfigurationList section */
		12BF8ECB294ACA4F0071AFF6 /* Build configuration list for PBXProject "MVVM-2" */ = {
			isa = XCConfigurationList;
			buildConfigurations = (
				12BF8EE2294ACA520071AFF6 /* Debug */,
				12BF8EE3294ACA520071AFF6 /* Release */,
			);
			defaultConfigurationIsVisible = 0;
			defaultConfigurationName = Release;
		};
		12BF8EE4294ACA520071AFF6 /* Build configuration list for PBXNativeTarget "MVVM-2" */ = {
			isa = XCConfigurationList;
			buildConfigurations = (
				12BF8EE5294ACA520071AFF6 /* Debug */,
				12BF8EE6294ACA520071AFF6 /* Release */,
			);
			defaultConfigurationIsVisible = 0;
			defaultConfigurationName = Release;
		};
/* End XCConfigurationList section */
	};
	rootObject = 12BF8EC8294ACA4F0071AFF6 /* Project object */;
}
